{
  "lockfile_version": "1",
  "packages": {
    "lean4@latest": {
      "last_modified": "2023-12-25T10:13:25Z",
      "resolved": "github:NixOS/nixpkgs/e1fa12d4f6c6fe19ccb59cac54b5b3f25e160870#lean4",
      "source": "devbox-search",
      "version": "4.4.0",
      "systems": {
        "aarch64-darwin": {
          "store_path": "/nix/store/hzl4wpj7w2z05mngvmr1xw52bgnxd6wp-lean4-4.4.0"
        },
        "aarch64-linux": {
          "store_path": "/nix/store/7wdhf581wrv7fpwc1m5yr8nkda50zz34-lean4-4.4.0"
        },
        "x86_64-darwin": {
          "store_path": "/nix/store/3qh6n9fi5rin72jhiv4cj3rq7cnsdhf7-lean4-4.4.0"
        },
        "x86_64-linux": {
          "store_path": "/nix/store/1v31mzkzdayjcsyvapzfaylb9srpa8rn-lean4-4.4.0"
        }
      }
    }
  }
}
